{
  "@blackflux/robo-config-plugin": [
    ".babelrc",
    ".circleci/config.yml",
    ".dependabot/config.yml",
    ".editorconfig",
    ".eslintrc.json",
    ".gally.json",
    ".gitignore",
    ".idea/lambda-monitor.iml",
    ".npmignore",
    ".releaserc.json",
    "LICENSE",
    "README.md",
    "docker/Dockerfile",
    "gardener.js",
    "manage.sh",
    "package.json",
    "src/index.js",
    "test/index.spec.js",
    "test/mocha.opts"
  ]
}
